
Microsoft Visual Studio Solution File, Format Version 12.00
# Visual Studio Version 16
VisualStudioVersion = 16.0.30204.135
MinimumVisualStudioVersion = 10.0.40219.1
Project("{FAE04EC0-301F-11D3-BF4B-00C04F79EFBC}") = "ConsoleApp7", "ConsoleApp7\ConsoleApp7.csproj", "{B13253E1-A1F6-467D-BA3B-58A56B177E77}"
EndProject
Project("{9A19103F-16F7-4668-BE54-9A1E7A4F7556}") = "MyClassLib", "..\Day7(Tanks)\Day7(Tanks)\MyClassLib.csproj", "{7EE51E17-6E0E-476E-914C-F9BA8C54041D}"
EndProject
Global
	GlobalSection(SolutionConfigurationPlatforms) = preSolution
		Debug|Any CPU = Debug|Any CPU
		Release|Any CPU = Release|Any CPU
	EndGlobalSection
	GlobalSection(ProjectConfigurationPlatforms) = postSolution
		{B13253E1-A1F6-467D-BA3B-58A56B177E77}.Debug|Any CPU.ActiveCfg = Debug|Any CPU
		{B13253E1-A1F6-467D-BA3B-58A56B177E77}.Debug|Any CPU.Build.0 = Debug|Any CPU
		{B13253E1-A1F6-467D-BA3B-58A56B177E77}.Release|Any CPU.ActiveCfg = Release|Any CPU
		{B13253E1-A1F6-467D-BA3B-58A56B177E77}.Release|Any CPU.Build.0 = Release|Any CPU
		{7EE51E17-6E0E-476E-914C-F9BA8C54041D}.Debug|Any CPU.ActiveCfg = Debug|Any CPU
		{7EE51E17-6E0E-476E-914C-F9BA8C54041D}.Debug|Any CPU.Build.0 = Debug|Any CPU
		{7EE51E17-6E0E-476E-914C-F9BA8C54041D}.Release|Any CPU.ActiveCfg = Release|Any CPU
		{7EE51E17-6E0E-476E-914C-F9BA8C54041D}.Release|Any CPU.Build.0 = Release|Any CPU
	EndGlobalSection
	GlobalSection(SolutionProperties) = preSolution
		HideSolutionNode = FALSE
	EndGlobalSection
	GlobalSection(ExtensibilityGlobals) = postSolution
		SolutionGuid = {236F86B8-E3C1-4899-956E-A2DDD849A493}
	EndGlobalSection
EndGlobal
